
Microsoft Visual Studio Solution File, Format Version 12.00
# Visual Studio Version 17
VisualStudioVersion = 17.5.002.0
MinimumVisualStudioVersion = 10.0.40219.1
Project("{9A19103F-16F7-4668-BE54-9A1E7A4F7556}") = "SharpHolder", "SharpHolder.csproj", "{E721D6D8-720F-4842-A191-5B640311593E}"
EndProject
Global
	GlobalSection(SolutionConfigurationPlatforms) = preSolution
		Debug|Any CPU = Debug|Any CPU
		Release|Any CPU = Release|Any CPU
	EndGlobalSection
	GlobalSection(ProjectConfigurationPlatforms) = postSolution
		{E721D6D8-720F-4842-A191-5B640311593E}.Debug|Any CPU.ActiveCfg = Debug|Any CPU
		{E721D6D8-720F-4842-A191-5B640311593E}.Debug|Any CPU.Build.0 = Debug|Any CPU
		{E721D6D8-720F-4842-A191-5B640311593E}.Release|Any CPU.ActiveCfg = Release|Any CPU
		{E721D6D8-720F-4842-A191-5B640311593E}.Release|Any CPU.Build.0 = Release|Any CPU
	EndGlobalSection
	GlobalSection(SolutionProperties) = preSolution
		HideSolutionNode = FALSE
	EndGlobalSection
	GlobalSection(ExtensibilityGlobals) = postSolution
		SolutionGuid = {FC70F7E8-129A-4D8F-9B80-3AF361BA4DA4}
	EndGlobalSection
EndGlobal
